
Microsoft Visual Studio Solution File, Format Version 12.00
# Visual Studio Version 17
VisualStudioVersion = 17.3.32901.215
MinimumVisualStudioVersion = 10.0.40219.1
Project("{FAE04EC0-301F-11D3-BF4B-00C04F79EFBC}") = "TeachTask", "TeachTask\TeachTask.csproj", "{BDA63213-D5AB-4672-B5AE-16F1F4EFA124}"
EndProject
Global
	GlobalSection(SolutionConfigurationPlatforms) = preSolution
		Debug|Any CPU = Debug|Any CPU
		Release|Any CPU = Release|Any CPU
	EndGlobalSection
	GlobalSection(ProjectConfigurationPlatforms) = postSolution
		{BDA63213-D5AB-4672-B5AE-16F1F4EFA124}.Debug|Any CPU.ActiveCfg = Debug|Any CPU
		{BDA63213-D5AB-4672-B5AE-16F1F4EFA124}.Debug|Any CPU.Build.0 = Debug|Any CPU
		{BDA63213-D5AB-4672-B5AE-16F1F4EFA124}.Release|Any CPU.ActiveCfg = Release|Any CPU
		{BDA63213-D5AB-4672-B5AE-16F1F4EFA124}.Release|Any CPU.Build.0 = Release|Any CPU
	EndGlobalSection
	GlobalSection(SolutionProperties) = preSolution
		HideSolutionNode = FALSE
	EndGlobalSection
	GlobalSection(ExtensibilityGlobals) = postSolution
		SolutionGuid = {F2149932-891A-4E0E-B60C-50CEDBAE1A69}
	EndGlobalSection
EndGlobal
